// !$*UTF8*$!
{
	archiveVersion = 1;
	classes = {
	};
	objectVersion = 77;
	objects = {

/* Begin PBXContainerItemProxy section */
		4B6BBA2E2D133EBD004C1FD3 /* PBXContainerItemProxy */ = {
			isa = PBXContainerItemProxy;
			containerPortal = 4B6BBA152D133EBB004C1FD3 /* Project object */;
			proxyType = 1;
			remoteGlobalIDString = 4B6BBA1C2D133EBB004C1FD3;
			remoteInfo = CleanNavigationStudy;
		};
		4B6BBA382D133EBD004C1FD3 /* PBXContainerItemProxy */ = {
			isa = PBXContainerItemProxy;
			containerPortal = 4B6BBA152D133EBB004C1FD3 /* Project object */;
			proxyType = 1;
			remoteGlobalIDString = 4B6BBA1C2D133EBB004C1FD3;
			remoteInfo = CleanNavigationStudy;
		};
/* End PBXContainerItemProxy section */

/* Begin PBXFileReference section */
		4B6BBA1D2D133EBB004C1FD3 /* CleanNavigationStudy.app */ = {isa = PBXFileReference; explicitFileType = wrapper.application; includeInIndex = 0; path = CleanNavigationStudy.app; sourceTree = BUILT_PRODUCTS_DIR; };
		4B6BBA2D2D133EBD004C1FD3 /* CleanNavigationStudyTests.xctest */ = {isa = PBXFileReference; explicitFileType = wrapper.cfbundle; includeInIndex = 0; path = CleanNavigationStudyTests.xctest; sourceTree = BUILT_PRODUCTS_DIR; };
		4B6BBA372D133EBD004C1FD3 /* CleanNavigationStudyUITests.xctest */ = {isa = PBXFileReference; explicitFileType = wrapper.cfbundle; includeInIndex = 0; path = CleanNavigationStudyUITests.xctest; sourceTree = BUILT_PRODUCTS_DIR; };
/* End PBXFileReference section */

/* Begin PBXFileSystemSynchronizedRootGroup section */
		4B6BBA1F2D133EBB004C1FD3 /* CleanNavigationStudy */ = {
			isa = PBXFileSystemSynchronizedRootGroup;
			path = CleanNavigationStudy;
			sourceTree = "<group>";
		};
		4B6BBA302D133EBD004C1FD3 /* CleanNavigationStudyTests */ = {
			isa = PBXFileSystemSynchronizedRootGroup;
			path = CleanNavigationStudyTests;
			sourceTree = "<group>";
		};
		4B6BBA3A2D133EBD004C1FD3 /* CleanNavigationStudyUITests */ = {
			isa = PBXFileSystemSynchronizedRootGroup;
			path = CleanNavigationStudyUITests;
			sourceTree = "<group>";
		};
/* End PBXFileSystemSynchronizedRootGroup section */

/* Begin PBXFrameworksBuildPhase section */
		4B6BBA1A2D133EBB004C1FD3 /* Frameworks */ = {
			isa = PBXFrameworksBuildPhase;
			buildActionMask = 2147483647;
			files = (
			);
			runOnlyForDeploymentPostprocessing = 0;
		};
		4B6BBA2A2D133EBD004C1FD3 /* Frameworks */ = {
			isa = PBXFrameworksBuildPhase;
			buildActionMask = 2147483647;
			files = (
			);
			runOnlyForDeploymentPostprocessing = 0;
		};
		4B6BBA342D133EBD004C1FD3 /* Frameworks */ = {
			isa = PBXFrameworksBuildPhase;
			buildActionMask = 2147483647;
			files = (
			);
			runOnlyForDeploymentPostprocessing = 0;
		};
/* End PBXFrameworksBuildPhase section */

/* Begin PBXGroup section */
		4B6BBA142D133EBB004C1FD3 = {
			isa = PBXGroup;
			children = (
				4B6BBA1F2D133EBB004C1FD3 /* CleanNavigationStudy */,
				4B6BBA302D133EBD004C1FD3 /* CleanNavigationStudyTests */,
				4B6BBA3A2D133EBD004C1FD3 /* CleanNavigationStudyUITests */,
				4B6BBA1E2D133EBB004C1FD3 /* Products */,
			);
			sourceTree = "<group>";
		};
		4B6BBA1E2D133EBB004C1FD3 /* Products */ = {
			isa = PBXGroup;
			children = (
				4B6BBA1D2D133EBB004C1FD3 /* CleanNavigationStudy.app */,
				4B6BBA2D2D133EBD004C1FD3 /* CleanNavigationStudyTests.xctest */,
				4B6BBA372D133EBD004C1FD3 /* CleanNavigationStudyUITests.xctest */,
			);
			name = Products;
			sourceTree = "<group>";
		};
/* End PBXGroup section */

/* Begin PBXNativeTarget section */
		4B6BBA1C2D133EBB004C1FD3 /* CleanNavigationStudy */ = {
			isa = PBXNativeTarget;
			buildConfigurationList = 4B6BBA412D133EBD004C1FD3 /* Build configuration list for PBXNativeTarget "CleanNavigationStudy" */;
			buildPhases = (
				4B6BBA192D133EBB004C1FD3 /* Sources */,
				4B6BBA1A2D133EBB004C1FD3 /* Frameworks */,
				4B6BBA1B2D133EBB004C1FD3 /* Resources */,
			);
			buildRules = (
			);
			dependencies = (
			);
			fileSystemSynchronizedGroups = (
				4B6BBA1F2D133EBB004C1FD3 /* CleanNavigationStudy */,
			);
			name = CleanNavigationStudy;
			packageProductDependencies = (
			);
			productName = CleanNavigationStudy;
			productReference = 4B6BBA1D2D133EBB004C1FD3 /* CleanNavigationStudy.app */;
			productType = "com.apple.product-type.application";
		};
		4B6BBA2C2D133EBD004C1FD3 /* CleanNavigationStudyTests */ = {
			isa = PBXNativeTarget;
			buildConfigurationList = 4B6BBA442D133EBD004C1FD3 /* Build configuration list for PBXNativeTarget "CleanNavigationStudyTests" */;
			buildPhases = (
				4B6BBA292D133EBD004C1FD3 /* Sources */,
				4B6BBA2A2D133EBD004C1FD3 /* Frameworks */,
				4B6BBA2B2D133EBD004C1FD3 /* Resources */,
			);
			buildRules = (
			);
			dependencies = (
				4B6BBA2F2D133EBD004C1FD3 /* PBXTargetDependency */,
			);
			fileSystemSynchronizedGroups = (
				4B6BBA302D133EBD004C1FD3 /* CleanNavigationStudyTests */,
			);
			name = CleanNavigationStudyTests;
			packageProductDependencies = (
			);
			productName = CleanNavigationStudyTests;
			productReference = 4B6BBA2D2D133EBD004C1FD3 /* CleanNavigationStudyTests.xctest */;
			productType = "com.apple.product-type.bundle.unit-test";
		};
		4B6BBA362D133EBD004C1FD3 /* CleanNavigationStudyUITests */ = {
			isa = PBXNativeTarget;
			buildConfigurationList = 4B6BBA472D133EBD004C1FD3 /* Build configuration list for PBXNativeTarget "CleanNavigationStudyUITests" */;
			buildPhases = (
				4B6BBA332D133EBD004C1FD3 /* Sources */,
				4B6BBA342D133EBD004C1FD3 /* Frameworks */,
				4B6BBA352D133EBD004C1FD3 /* Resources */,
			);
			buildRules = (
			);
			dependencies = (
				4B6BBA392D133EBD004C1FD3 /* PBXTargetDependency */,
			);
			fileSystemSynchronizedGroups = (
				4B6BBA3A2D133EBD004C1FD3 /* CleanNavigationStudyUITests */,
			);
			name = CleanNavigationStudyUITests;
			packageProductDependencies = (
			);
			productName = CleanNavigationStudyUITests;
			productReference = 4B6BBA372D133EBD004C1FD3 /* CleanNavigationStudyUITests.xctest */;
			productType = "com.apple.product-type.bundle.ui-testing";
		};
/* End PBXNativeTarget section */

/* Begin PBXProject section */
		4B6BBA152D133EBB004C1FD3 /* Project object */ = {
			isa = PBXProject;
			attributes = {
				BuildIndependentTargetsInParallel = 1;
				LastSwiftUpdateCheck = 1610;
				LastUpgradeCheck = 1610;
				TargetAttributes = {
					4B6BBA1C2D133EBB004C1FD3 = {
						CreatedOnToolsVersion = 16.1;
					};
					4B6BBA2C2D133EBD004C1FD3 = {
						CreatedOnToolsVersion = 16.1;
						TestTargetID = 4B6BBA1C2D133EBB004C1FD3;
					};
					4B6BBA362D133EBD004C1FD3 = {
						CreatedOnToolsVersion = 16.1;
						TestTargetID = 4B6BBA1C2D133EBB004C1FD3;
					};
				};
			};
			buildConfigurationList = 4B6BBA182D133EBB004C1FD3 /* Build configuration list for PBXProject "CleanNavigationStudy" */;
			developmentRegion = en;
			hasScannedForEncodings = 0;
			knownRegions = (
				en,
				Base,
			);
			mainGroup = 4B6BBA142D133EBB004C1FD3;
			minimizedProjectReferenceProxies = 1;
			preferredProjectObjectVersion = 77;
			productRefGroup = 4B6BBA1E2D133EBB004C1FD3 /* Products */;
			projectDirPath = "";
			projectRoot = "";
			targets = (
				4B6BBA1C2D133EBB004C1FD3 /* CleanNavigationStudy */,
				4B6BBA2C2D133EBD004C1FD3 /* CleanNavigationStudyTests */,
				4B6BBA362D133EBD004C1FD3 /* CleanNavigationStudyUITests */,
			);
		};
/* End PBXProject section */

/* Begin PBXResourcesBuildPhase section */
		4B6BBA1B2D133EBB004C1FD3 /* Resources */ = {
			isa = PBXResourcesBuildPhase;
			buildActionMask = 2147483647;
			files = (
			);
			runOnlyForDeploymentPostprocessing = 0;
		};
		4B6BBA2B2D133EBD004C1FD3 /* Resources */ = {
			isa = PBXResourcesBuildPhase;
			buildActionMask = 2147483647;
			files = (
			);
			runOnlyForDeploymentPostprocessing = 0;
		};
		4B6BBA352D133EBD004C1FD3 /* Resources */ = {
			isa = PBXResourcesBuildPhase;
			buildActionMask = 2147483647;
			files = (
			);
			runOnlyForDeploymentPostprocessing = 0;
		};
/* End PBXResourcesBuildPhase section */

/* Begin PBXSourcesBuildPhase section */
		4B6BBA192D133EBB004C1FD3 /* Sources */ = {
			isa = PBXSourcesBuildPhase;
			buildActionMask = 2147483647;
			files = (
			);
			runOnlyForDeploymentPostprocessing = 0;
		};
		4B6BBA292D133EBD004C1FD3 /* Sources */ = {
			isa = PBXSourcesBuildPhase;
			buildActionMask = 2147483647;
			files = (
			);
			runOnlyForDeploymentPostprocessing = 0;
		};
		4B6BBA332D133EBD004C1FD3 /* Sources */ = {
			isa = PBXSourcesBuildPhase;
			buildActionMask = 2147483647;
			files = (
			);
			runOnlyForDeploymentPostprocessing = 0;
		};
/* End PBXSourcesBuildPhase section */

/* Begin PBXTargetDependency section */
		4B6BBA2F2D133EBD004C1FD3 /* PBXTargetDependency */ = {
			isa = PBXTargetDependency;
			target = 4B6BBA1C2D133EBB004C1FD3 /* CleanNavigationStudy */;
			targetProxy = 4B6BBA2E2D133EBD004C1FD3 /* PBXContainerItemProxy */;
		};
		4B6BBA392D133EBD004C1FD3 /* PBXTargetDependency */ = {
			isa = PBXTargetDependency;
			target = 4B6BBA1C2D133EBB004C1FD3 /* CleanNavigationStudy */;
			targetProxy = 4B6BBA382D133EBD004C1FD3 /* PBXContainerItemProxy */;
		};
/* End PBXTargetDependency section */

/* Begin XCBuildConfiguration section */
		4B6BBA3F2D133EBD004C1FD3 /* Debug */ = {
			isa = XCBuildConfiguration;
			buildSettings = {
				ALWAYS_SEARCH_USER_PATHS = NO;
				ASSETCATALOG_COMPILER_GENERATE_SWIFT_ASSET_SYMBOL_EXTENSIONS = YES;
				CLANG_ANALYZER_NONNULL = YES;
				CLANG_ANALYZER_NUMBER_OBJECT_CONVERSION = YES_AGGRESSIVE;
				CLANG_CXX_LANGUAGE_STANDARD = "gnu++20";
				CLANG_ENABLE_MODULES = YES;
				CLANG_ENABLE_OBJC_ARC = YES;
				CLANG_ENABLE_OBJC_WEAK = YES;
				CLANG_WARN_BLOCK_CAPTURE_AUTORELEASING = YES;
				CLANG_WARN_BOOL_CONVERSION = YES;
				CLANG_WARN_COMMA = YES;
				CLANG_WARN_CONSTANT_CONVERSION = YES;
				CLANG_WARN_DEPRECATED_OBJC_IMPLEMENTATIONS = YES;
				CLANG_WARN_DIRECT_OBJC_ISA_USAGE = YES_ERROR;
				CLANG_WARN_DOCUMENTATION_COMMENTS = YES;
				CLANG_WARN_EMPTY_BODY = YES;
				CLANG_WARN_ENUM_CONVERSION = YES;
				CLANG_WARN_INFINITE_RECURSION = YES;
				CLANG_WARN_INT_CONVERSION = YES;
				CLANG_WARN_NON_LITERAL_NULL_CONVERSION = YES;
				CLANG_WARN_OBJC_IMPLICIT_RETAIN_SELF = YES;
				CLANG_WARN_OBJC_LITERAL_CONVERSION = YES;
				CLANG_WARN_OBJC_ROOT_CLASS = YES_ERROR;
				CLANG_WARN_QUOTED_INCLUDE_IN_FRAMEWORK_HEADER = YES;
				CLANG_WARN_RANGE_LOOP_ANALYSIS = YES;
				CLANG_WARN_STRICT_PROTOTYPES = YES;
				CLANG_WARN_SUSPICIOUS_MOVE = YES;
				CLANG_WARN_UNGUARDED_AVAILABILITY = YES_AGGRESSIVE;
				CLANG_WARN_UNREACHABLE_CODE = YES;
				CLANG_WARN__DUPLICATE_METHOD_MATCH = YES;
				COPY_PHASE_STRIP = NO;
				DEBUG_INFORMATION_FORMAT = dwarf;
				ENABLE_STRICT_OBJC_MSGSEND = YES;
				ENABLE_TESTABILITY = YES;
				ENABLE_USER_SCRIPT_SANDBOXING = YES;
				GCC_C_LANGUAGE_STANDARD = gnu17;
				GCC_DYNAMIC_NO_PIC = NO;
				GCC_NO_COMMON_BLOCKS = YES;
				GCC_OPTIMIZATION_LEVEL = 0;
				GCC_PREPROCESSOR_DEFINITIONS = (
					"DEBUG=1",
					"$(inherited)",
				);
				GCC_WARN_64_TO_32_BIT_CONVERSION = YES;
				GCC_WARN_ABOUT_RETURN_TYPE = YES_ERROR;
				GCC_WARN_UNDECLARED_SELECTOR = YES;
				GCC_WARN_UNINITIALIZED_AUTOS = YES_AGGRESSIVE;
				GCC_WARN_UNUSED_FUNCTION = YES;
				GCC_WARN_UNUSED_VARIABLE = YES;
				IPHONEOS_DEPLOYMENT_TARGET = 18.1;
				LOCALIZATION_PREFERS_STRING_CATALOGS = YES;
				MTL_ENABLE_DEBUG_INFO = INCLUDE_SOURCE;
				MTL_FAST_MATH = YES;
				ONLY_ACTIVE_ARCH = YES;
				SDKROOT = iphoneos;
				SWIFT_ACTIVE_COMPILATION_CONDITIONS = "DEBUG $(inherited)";
				SWIFT_OPTIMIZATION_LEVEL = "-Onone";
			};
			name = Debug;
		};
		4B6BBA402D133EBD004C1FD3 /* Release */ = {
			isa = XCBuildConfiguration;
			buildSettings = {
				ALWAYS_SEARCH_USER_PATHS = NO;
				ASSETCATALOG_COMPILER_GENERATE_SWIFT_ASSET_SYMBOL_EXTENSIONS = YES;
				CLANG_ANALYZER_NONNULL = YES;
				CLANG_ANALYZER_NUMBER_OBJECT_CONVERSION = YES_AGGRESSIVE;
				CLANG_CXX_LANGUAGE_STANDARD = "gnu++20";
				CLANG_ENABLE_MODULES = YES;
				CLANG_ENABLE_OBJC_ARC = YES;
				CLANG_ENABLE_OBJC_WEAK = YES;
				CLANG_WARN_BLOCK_CAPTURE_AUTORELEASING = YES;
				CLANG_WARN_BOOL_CONVERSION = YES;
				CLANG_WARN_COMMA = YES;
				CLANG_WARN_CONSTANT_CONVERSION = YES;
				CLANG_WARN_DEPRECATED_OBJC_IMPLEMENTATIONS = YES;
				CLANG_WARN_DIRECT_OBJC_ISA_USAGE = YES_ERROR;
				CLANG_WARN_DOCUMENTATION_COMMENTS = YES;
				CLANG_WARN_EMPTY_BODY = YES;
				CLANG_WARN_ENUM_CONVERSION = YES;
				CLANG_WARN_INFINITE_RECURSION = YES;
				CLANG_WARN_INT_CONVERSION = YES;
				CLANG_WARN_NON_LITERAL_NULL_CONVERSION = YES;
				CLANG_WARN_OBJC_IMPLICIT_RETAIN_SELF = YES;
				CLANG_WARN_OBJC_LITERAL_CONVERSION = YES;
				CLANG_WARN_OBJC_ROOT_CLASS = YES_ERROR;
				CLANG_WARN_QUOTED_INCLUDE_IN_FRAMEWORK_HEADER = YES;
				CLANG_WARN_RANGE_LOOP_ANALYSIS = YES;
				CLANG_WARN_STRICT_PROTOTYPES = YES;
				CLANG_WARN_SUSPICIOUS_MOVE = YES;
				CLANG_WARN_UNGUARDED_AVAILABILITY = YES_AGGRESSIVE;
				CLANG_WARN_UNREACHABLE_CODE = YES;
				CLANG_WARN__DUPLICATE_METHOD_MATCH = YES;
				COPY_PHASE_STRIP = NO;
				DEBUG_INFORMATION_FORMAT = "dwarf-with-dsym";
				ENABLE_NS_ASSERTIONS = NO;
				ENABLE_STRICT_OBJC_MSGSEND = YES;
				ENABLE_USER_SCRIPT_SANDBOXING = YES;
				GCC_C_LANGUAGE_STANDARD = gnu17;
				GCC_NO_COMMON_BLOCKS = YES;
				GCC_WARN_64_TO_32_BIT_CONVERSION = YES;
				GCC_WARN_ABOUT_RETURN_TYPE = YES_ERROR;
				GCC_WARN_UNDECLARED_SELECTOR = YES;
				GCC_WARN_UNINITIALIZED_AUTOS = YES_AGGRESSIVE;
				GCC_WARN_UNUSED_FUNCTION = YES;
				GCC_WARN_UNUSED_VARIABLE = YES;
				IPHONEOS_DEPLOYMENT_TARGET = 18.1;
				LOCALIZATION_PREFERS_STRING_CATALOGS = YES;
				MTL_ENABLE_DEBUG_INFO = NO;
				MTL_FAST_MATH = YES;
				SDKROOT = iphoneos;
				SWIFT_COMPILATION_MODE = wholemodule;
				VALIDATE_PRODUCT = YES;
			};
			name = Release;
		};
		4B6BBA422D133EBD004C1FD3 /* Debug */ = {
			isa = XCBuildConfiguration;
			buildSettings = {
				ASSETCATALOG_COMPILER_APPICON_NAME = AppIcon;
				ASSETCATALOG_COMPILER_GLOBAL_ACCENT_COLOR_NAME = AccentColor;
				CODE_SIGN_STYLE = Automatic;
				CURRENT_PROJECT_VERSION = 1;
				DEVELOPMENT_ASSET_PATHS = "\"CleanNavigationStudy/Preview Content\"";
				DEVELOPMENT_TEAM = HS7B23PJ7S;
				ENABLE_PREVIEWS = YES;
				GENERATE_INFOPLIST_FILE = YES;
				INFOPLIST_KEY_UIApplicationSceneManifest_Generation = YES;
				INFOPLIST_KEY_UIApplicationSupportsIndirectInputEvents = YES;
				INFOPLIST_KEY_UILaunchScreen_Generation = YES;
				INFOPLIST_KEY_UISupportedInterfaceOrientations_iPad = "UIInterfaceOrientationPortrait UIInterfaceOrientationPortraitUpsideDown UIInterfaceOrientationLandscapeLeft UIInterfaceOrientationLandscapeRight";
				INFOPLIST_KEY_UISupportedInterfaceOrientations_iPhone = "UIInterfaceOrientationPortrait UIInterfaceOrientationLandscapeLeft UIInterfaceOrientationLandscapeRight";
				LD_RUNPATH_SEARCH_PATHS = (
					"$(inherited)",
					"@executable_path/Frameworks",
				);
				MARKETING_VERSION = 1.0;
				PRODUCT_BUNDLE_IDENTIFIER = Gokul.CleanNavigationStudy;
				PRODUCT_NAME = "$(TARGET_NAME)";
				SWIFT_EMIT_LOC_STRINGS = YES;
				SWIFT_VERSION = 5.0;
				TARGETED_DEVICE_FAMILY = "1,2";
			};
			name = Debug;
		};
		4B6BBA432D133EBD004C1FD3 /* Release */ = {
			isa = XCBuildConfiguration;
			buildSettings = {
				ASSETCATALOG_COMPILER_APPICON_NAME = AppIcon;
				ASSETCATALOG_COMPILER_GLOBAL_ACCENT_COLOR_NAME = AccentColor;
				CODE_SIGN_STYLE = Automatic;
				CURRENT_PROJECT_VERSION = 1;
				DEVELOPMENT_ASSET_PATHS = "\"CleanNavigationStudy/Preview Content\"";
				DEVELOPMENT_TEAM = HS7B23PJ7S;
				ENABLE_PREVIEWS = YES;
				GENERATE_INFOPLIST_FILE = YES;
				INFOPLIST_KEY_UIApplicationSceneManifest_Generation = YES;
				INFOPLIST_KEY_UIApplicationSupportsIndirectInputEvents = YES;
				INFOPLIST_KEY_UILaunchScreen_Generation = YES;
				INFOPLIST_KEY_UISupportedInterfaceOrientations_iPad = "UIInterfaceOrientationPortrait UIInterfaceOrientationPortraitUpsideDown UIInterfaceOrientationLandscapeLeft UIInterfaceOrientationLandscapeRight";
				INFOPLIST_KEY_UISupportedInterfaceOrientations_iPhone = "UIInterfaceOrientationPortrait UIInterfaceOrientationLandscapeLeft UIInterfaceOrientationLandscapeRight";
				LD_RUNPATH_SEARCH_PATHS = (
					"$(inherited)",
					"@executable_path/Frameworks",
				);
				MARKETING_VERSION = 1.0;
				PRODUCT_BUNDLE_IDENTIFIER = Gokul.CleanNavigationStudy;
				PRODUCT_NAME = "$(TARGET_NAME)";
				SWIFT_EMIT_LOC_STRINGS = YES;
				SWIFT_VERSION = 5.0;
				TARGETED_DEVICE_FAMILY = "1,2";
			};
			name = Release;
		};
		4B6BBA452D133EBD004C1FD3 /* Debug */ = {
			isa = XCBuildConfiguration;
			buildSettings = {
				BUNDLE_LOADER = "$(TEST_HOST)";
				CODE_SIGN_STYLE = Automatic;
				CURRENT_PROJECT_VERSION = 1;
				DEVELOPMENT_TEAM = HS7B23PJ7S;
				GENERATE_INFOPLIST_FILE = YES;
				IPHONEOS_DEPLOYMENT_TARGET = 18.1;
				MARKETING_VERSION = 1.0;
				PRODUCT_BUNDLE_IDENTIFIER = Gokul.CleanNavigationStudyTests;
				PRODUCT_NAME = "$(TARGET_NAME)";
				SWIFT_EMIT_LOC_STRINGS = NO;
				SWIFT_VERSION = 5.0;
				TARGETED_DEVICE_FAMILY = "1,2";
				TEST_HOST = "$(BUILT_PRODUCTS_DIR)/CleanNavigationStudy.app/$(BUNDLE_EXECUTABLE_FOLDER_PATH)/CleanNavigationStudy";
			};
			name = Debug;
		};
		4B6BBA462D133EBD004C1FD3 /* Release */ = {
			isa = XCBuildConfiguration;
			buildSettings = {
				BUNDLE_LOADER = "$(TEST_HOST)";
				CODE_SIGN_STYLE = Automatic;
				CURRENT_PROJECT_VERSION = 1;
				DEVELOPMENT_TEAM = HS7B23PJ7S;
				GENERATE_INFOPLIST_FILE = YES;
				IPHONEOS_DEPLOYMENT_TARGET = 18.1;
				MARKETING_VERSION = 1.0;
				PRODUCT_BUNDLE_IDENTIFIER = Gokul.CleanNavigationStudyTests;
				PRODUCT_NAME = "$(TARGET_NAME)";
				SWIFT_EMIT_LOC_STRINGS = NO;
				SWIFT_VERSION = 5.0;
				TARGETED_DEVICE_FAMILY = "1,2";
				TEST_HOST = "$(BUILT_PRODUCTS_DIR)/CleanNavigationStudy.app/$(BUNDLE_EXECUTABLE_FOLDER_PATH)/CleanNavigationStudy";
			};
			name = Release;
		};
		4B6BBA482D133EBD004C1FD3 /* Debug */ = {
			isa = XCBuildConfiguration;
			buildSettings = {
				CODE_SIGN_STYLE = Automatic;
				CURRENT_PROJECT_VERSION = 1;
				DEVELOPMENT_TEAM = HS7B23PJ7S;
				GENERATE_INFOPLIST_FILE = YES;
				MARKETING_VERSION = 1.0;
				PRODUCT_BUNDLE_IDENTIFIER = Gokul.CleanNavigationStudyUITests;
				PRODUCT_NAME = "$(TARGET_NAME)";
				SWIFT_EMIT_LOC_STRINGS = NO;
				SWIFT_VERSION = 5.0;
				TARGETED_DEVICE_FAMILY = "1,2";
				TEST_TARGET_NAME = CleanNavigationStudy;
			};
			name = Debug;
		};
		4B6BBA492D133EBD004C1FD3 /* Release */ = {
			isa = XCBuildConfiguration;
			buildSettings = {
				CODE_SIGN_STYLE = Automatic;
				CURRENT_PROJECT_VERSION = 1;
				DEVELOPMENT_TEAM = HS7B23PJ7S;
				GENERATE_INFOPLIST_FILE = YES;
				MARKETING_VERSION = 1.0;
				PRODUCT_BUNDLE_IDENTIFIER = Gokul.CleanNavigationStudyUITests;
				PRODUCT_NAME = "$(TARGET_NAME)";
				SWIFT_EMIT_LOC_STRINGS = NO;
				SWIFT_VERSION = 5.0;
				TARGETED_DEVICE_FAMILY = "1,2";
				TEST_TARGET_NAME = CleanNavigationStudy;
			};
			name = Release;
		};
/* End XCBuildConfiguration section */

/* Begin XCConfigurationList section */
		4B6BBA182D133EBB004C1FD3 /* Build configuration list for PBXProject "CleanNavigationStudy" */ = {
			isa = XCConfigurationList;
			buildConfigurations = (
				4B6BBA3F2D133EBD004C1FD3 /* Debug */,
				4B6BBA402D133EBD004C1FD3 /* Release */,
			);
			defaultConfigurationIsVisible = 0;
			defaultConfigurationName = Release;
		};
		4B6BBA412D133EBD004C1FD3 /* Build configuration list for PBXNativeTarget "CleanNavigationStudy" */ = {
			isa = XCConfigurationList;
			buildConfigurations = (
				4B6BBA422D133EBD004C1FD3 /* Debug */,
				4B6BBA432D133EBD004C1FD3 /* Release */,
			);
			defaultConfigurationIsVisible = 0;
			defaultConfigurationName = Release;
		};
		4B6BBA442D133EBD004C1FD3 /* Build configuration list for PBXNativeTarget "CleanNavigationStudyTests" */ = {
			isa = XCConfigurationList;
			buildConfigurations = (
				4B6BBA452D133EBD004C1FD3 /* Debug */,
				4B6BBA462D133EBD004C1FD3 /* Release */,
			);
			defaultConfigurationIsVisible = 0;
			defaultConfigurationName = Release;
		};
		4B6BBA472D133EBD004C1FD3 /* Build configuration list for PBXNativeTarget "CleanNavigationStudyUITests" */ = {
			isa = XCConfigurationList;
			buildConfigurations = (
				4B6BBA482D133EBD004C1FD3 /* Debug */,
				4B6BBA492D133EBD004C1FD3 /* Release */,
			);
			defaultConfigurationIsVisible = 0;
			defaultConfigurationName = Release;
		};
/* End XCConfigurationList section */
	};
	rootObject = 4B6BBA152D133EBB004C1FD3 /* Project object */;
}
